// !$*UTF8*$!
{
	archiveVersion = 1;
	classes = {
	};
	objectVersion = 51;
	objects = {

/* Begin PBXBuildFile section */
		4F82C1A2250DC62E005B1B6D /* RecipeMixClient.swift in Sources */ = {isa = PBXBuildFile; fileRef = 4F82C1A1250DC62E005B1B6D /* RecipeMixClient.swift */; };
		4F82C1A5250DD2C7005B1B6D /* RecipeMixUtils.swift in Sources */ = {isa = PBXBuildFile; fileRef = 4F82C1A4250DD2C7005B1B6D /* RecipeMixUtils.swift */; };
		4F82C1A8250DDCA5005B1B6D /* RecipeTableViewCell.swift in Sources */ = {isa = PBXBuildFile; fileRef = 4F82C1A7250DDCA5005B1B6D /* RecipeTableViewCell.swift */; };
		4FC713DD2505874B00C36FE6 /* AppDelegate.swift in Sources */ = {isa = PBXBuildFile; fileRef = 4FC713DC2505874B00C36FE6 /* AppDelegate.swift */; };
		4FC713DF2505874B00C36FE6 /* SceneDelegate.swift in Sources */ = {isa = PBXBuildFile; fileRef = 4FC713DE2505874B00C36FE6 /* SceneDelegate.swift */; };
		4FC713E12505874B00C36FE6 /* AuthViewController.swift in Sources */ = {isa = PBXBuildFile; fileRef = 4FC713E02505874B00C36FE6 /* AuthViewController.swift */; };
		4FC713E42505874B00C36FE6 /* Main.storyboard in Resources */ = {isa = PBXBuildFile; fileRef = 4FC713E22505874B00C36FE6 /* Main.storyboard */; };
		4FC713E62505874D00C36FE6 /* Assets.xcassets in Resources */ = {isa = PBXBuildFile; fileRef = 4FC713E52505874D00C36FE6 /* Assets.xcassets */; };
		4FC713E92505874D00C36FE6 /* LaunchScreen.storyboard in Resources */ = {isa = PBXBuildFile; fileRef = 4FC713E72505874D00C36FE6 /* LaunchScreen.storyboard */; };
		4FC713F325058CD500C36FE6 /* HomeViewController.swift in Sources */ = {isa = PBXBuildFile; fileRef = 4FC713F225058CD500C36FE6 /* HomeViewController.swift */; };
		4FC713F52505AA8B00C36FE6 /* GoogleService-Info.plist in Resources */ = {isa = PBXBuildFile; fileRef = 4FC713F42505AA8B00C36FE6 /* GoogleService-Info.plist */; };
		4FD5437B25086C77006FC9A1 /* Recipe.swift in Sources */ = {isa = PBXBuildFile; fileRef = 4FD5437A25086C77006FC9A1 /* Recipe.swift */; };
		4FD5437F250C84FD006FC9A1 /* RecipeDashboardViewController.swift in Sources */ = {isa = PBXBuildFile; fileRef = 4FD5437E250C84FD006FC9A1 /* RecipeDashboardViewController.swift */; };
		4FD54383250C88E4006FC9A1 /* BaseViewController.swift in Sources */ = {isa = PBXBuildFile; fileRef = 4FD54382250C88E4006FC9A1 /* BaseViewController.swift */; };
		4FD54385250C8F37006FC9A1 /* DashboardTabBarController.swift in Sources */ = {isa = PBXBuildFile; fileRef = 4FD54384250C8F37006FC9A1 /* DashboardTabBarController.swift */; };
		AF0DB3007D5C11163F8FFD62 /* Pods_RecipeMix.framework in Frameworks */ = {isa = PBXBuildFile; fileRef = 3397ED5DD991500428C599C8 /* Pods_RecipeMix.framework */; };
/* End PBXBuildFile section */

/* Begin PBXFileReference section */
		3397ED5DD991500428C599C8 /* Pods_RecipeMix.framework */ = {isa = PBXFileReference; explicitFileType = wrapper.framework; includeInIndex = 0; path = Pods_RecipeMix.framework; sourceTree = BUILT_PRODUCTS_DIR; };
		4F82C1A1250DC62E005B1B6D /* RecipeMixClient.swift */ = {isa = PBXFileReference; lastKnownFileType = sourcecode.swift; path = RecipeMixClient.swift; sourceTree = "<group>"; };
		4F82C1A4250DD2C7005B1B6D /* RecipeMixUtils.swift */ = {isa = PBXFileReference; lastKnownFileType = sourcecode.swift; path = RecipeMixUtils.swift; sourceTree = "<group>"; };
		4F82C1A7250DDCA5005B1B6D /* RecipeTableViewCell.swift */ = {isa = PBXFileReference; lastKnownFileType = sourcecode.swift; path = RecipeTableViewCell.swift; sourceTree = "<group>"; };
		4FC713D92505874B00C36FE6 /* RecipeMix.app */ = {isa = PBXFileReference; explicitFileType = wrapper.application; includeInIndex = 0; path = RecipeMix.app; sourceTree = BUILT_PRODUCTS_DIR; };
		4FC713DC2505874B00C36FE6 /* AppDelegate.swift */ = {isa = PBXFileReference; lastKnownFileType = sourcecode.swift; path = AppDelegate.swift; sourceTree = "<group>"; };
		4FC713DE2505874B00C36FE6 /* SceneDelegate.swift */ = {isa = PBXFileReference; lastKnownFileType = sourcecode.swift; path = SceneDelegate.swift; sourceTree = "<group>"; };
		4FC713E02505874B00C36FE6 /* AuthViewController.swift */ = {isa = PBXFileReference; lastKnownFileType = sourcecode.swift; path = AuthViewController.swift; sourceTree = "<group>"; };
		4FC713E32505874B00C36FE6 /* Base */ = {isa = PBXFileReference; lastKnownFileType = file.storyboard; name = Base; path = Base.lproj/Main.storyboard; sourceTree = "<group>"; };
		4FC713E52505874D00C36FE6 /* Assets.xcassets */ = {isa = PBXFileReference; lastKnownFileType = folder.assetcatalog; path = Assets.xcassets; sourceTree = "<group>"; };
		4FC713E82505874D00C36FE6 /* Base */ = {isa = PBXFileReference; lastKnownFileType = file.storyboard; name = Base; path = Base.lproj/LaunchScreen.storyboard; sourceTree = "<group>"; };
		4FC713EA2505874D00C36FE6 /* Info.plist */ = {isa = PBXFileReference; lastKnownFileType = text.plist.xml; path = Info.plist; sourceTree = "<group>"; };
		4FC713F225058CD500C36FE6 /* HomeViewController.swift */ = {isa = PBXFileReference; lastKnownFileType = sourcecode.swift; path = HomeViewController.swift; sourceTree = "<group>"; };
		4FC713F42505AA8B00C36FE6 /* GoogleService-Info.plist */ = {isa = PBXFileReference; fileEncoding = 4; lastKnownFileType = text.plist.xml; path = "GoogleService-Info.plist"; sourceTree = "<group>"; };
		4FD5437A25086C77006FC9A1 /* Recipe.swift */ = {isa = PBXFileReference; lastKnownFileType = sourcecode.swift; path = Recipe.swift; sourceTree = "<group>"; };
		4FD5437E250C84FD006FC9A1 /* RecipeDashboardViewController.swift */ = {isa = PBXFileReference; lastKnownFileType = sourcecode.swift; path = RecipeDashboardViewController.swift; sourceTree = "<group>"; };
		4FD54382250C88E4006FC9A1 /* BaseViewController.swift */ = {isa = PBXFileReference; lastKnownFileType = sourcecode.swift; path = BaseViewController.swift; sourceTree = "<group>"; };
		4FD54384250C8F37006FC9A1 /* DashboardTabBarController.swift */ = {isa = PBXFileReference; lastKnownFileType = sourcecode.swift; path = DashboardTabBarController.swift; sourceTree = "<group>"; };
		DF13EC0E7408C79C44B0FB61 /* Pods-RecipeMix.release.xcconfig */ = {isa = PBXFileReference; includeInIndex = 1; lastKnownFileType = text.xcconfig; name = "Pods-RecipeMix.release.xcconfig"; path = "Target Support Files/Pods-RecipeMix/Pods-RecipeMix.release.xcconfig"; sourceTree = "<group>"; };
		F5D03C7794B40584B5E3C9CB /* Pods-RecipeMix.debug.xcconfig */ = {isa = PBXFileReference; includeInIndex = 1; lastKnownFileType = text.xcconfig; name = "Pods-RecipeMix.debug.xcconfig"; path = "Target Support Files/Pods-RecipeMix/Pods-RecipeMix.debug.xcconfig"; sourceTree = "<group>"; };
/* End PBXFileReference section */

/* Begin PBXFrameworksBuildPhase section */
		4FC713D62505874B00C36FE6 /* Frameworks */ = {
			isa = PBXFrameworksBuildPhase;
			buildActionMask = 2147483647;
			files = (
				AF0DB3007D5C11163F8FFD62 /* Pods_RecipeMix.framework in Frameworks */,
			);
			runOnlyForDeploymentPostprocessing = 0;
		};
/* End PBXFrameworksBuildPhase section */

/* Begin PBXGroup section */
		4F82C1A0250DC610005B1B6D /* RM API Client */ = {
			isa = PBXGroup;
			children = (
				4F82C1A1250DC62E005B1B6D /* RecipeMixClient.swift */,
			);
			path = "RM API Client";
			sourceTree = "<group>";
		};
		4F82C1A3250DD2B4005B1B6D /* RM Util */ = {
			isa = PBXGroup;
			children = (
				4F82C1A4250DD2C7005B1B6D /* RecipeMixUtils.swift */,
			);
			path = "RM Util";
			sourceTree = "<group>";
		};
		4F82C1A6250DDC85005B1B6D /* RM Views */ = {
			isa = PBXGroup;
			children = (
				4F82C1A7250DDCA5005B1B6D /* RecipeTableViewCell.swift */,
			);
			path = "RM Views";
			sourceTree = "<group>";
		};
		4FC713D02505874B00C36FE6 = {
			isa = PBXGroup;
			children = (
				4FC713DB2505874B00C36FE6 /* RecipeMix */,
				4FC713DA2505874B00C36FE6 /* Products */,
				549A08F04D303889E2A280DC /* Pods */,
				74F4B834A8AFCEFDC20C09EB /* Frameworks */,
			);
			sourceTree = "<group>";
		};
		4FC713DA2505874B00C36FE6 /* Products */ = {
			isa = PBXGroup;
			children = (
				4FC713D92505874B00C36FE6 /* RecipeMix.app */,
			);
			name = Products;
			sourceTree = "<group>";
		};
		4FC713DB2505874B00C36FE6 /* RecipeMix */ = {
			isa = PBXGroup;
			children = (
				4F82C1A6250DDC85005B1B6D /* RM Views */,
				4F82C1A3250DD2B4005B1B6D /* RM Util */,
				4FD5437725086B93006FC9A1 /* RM API */,
				4FC713F12505889900C36FE6 /* RM View Controllers */,
				4FC713F02505887800C36FE6 /* RM Assets */,
				4FC713DC2505874B00C36FE6 /* AppDelegate.swift */,
				4FC713DE2505874B00C36FE6 /* SceneDelegate.swift */,
				4FC713EA2505874D00C36FE6 /* Info.plist */,
				4FC713F42505AA8B00C36FE6 /* GoogleService-Info.plist */,
			);
			path = RecipeMix;
			sourceTree = "<group>";
		};
		4FC713F02505887800C36FE6 /* RM Assets */ = {
			isa = PBXGroup;
			children = (
				4FC713E22505874B00C36FE6 /* Main.storyboard */,
				4FC713E52505874D00C36FE6 /* Assets.xcassets */,
				4FC713E72505874D00C36FE6 /* LaunchScreen.storyboard */,
			);
			path = "RM Assets";
			sourceTree = "<group>";
		};
		4FC713F12505889900C36FE6 /* RM View Controllers */ = {
			isa = PBXGroup;
			children = (
				4FC713E02505874B00C36FE6 /* AuthViewController.swift */,
				4FC713F225058CD500C36FE6 /* HomeViewController.swift */,
				4FD5437E250C84FD006FC9A1 /* RecipeDashboardViewController.swift */,
				4FD54382250C88E4006FC9A1 /* BaseViewController.swift */,
				4FD54384250C8F37006FC9A1 /* DashboardTabBarController.swift */,
			);
			path = "RM View Controllers";
			sourceTree = "<group>";
		};
		4FD5437725086B93006FC9A1 /* RM API */ = {
			isa = PBXGroup;
			children = (
				4F82C1A0250DC610005B1B6D /* RM API Client */,
				4FD5437925086BC5006FC9A1 /* RM Responses */,
				4FD5437825086B9F006FC9A1 /* RM Models */,
			);
			path = "RM API";
			sourceTree = "<group>";
		};
		4FD5437825086B9F006FC9A1 /* RM Models */ = {
			isa = PBXGroup;
			children = (
				4FD5437A25086C77006FC9A1 /* Recipe.swift */,
			);
			path = "RM Models";
			sourceTree = "<group>";
		};
		4FD5437925086BC5006FC9A1 /* RM Responses */ = {
			isa = PBXGroup;
			children = (
			);
			path = "RM Responses";
			sourceTree = "<group>";
		};
		549A08F04D303889E2A280DC /* Pods */ = {
			isa = PBXGroup;
			children = (
				F5D03C7794B40584B5E3C9CB /* Pods-RecipeMix.debug.xcconfig */,
				DF13EC0E7408C79C44B0FB61 /* Pods-RecipeMix.release.xcconfig */,
			);
			path = Pods;
			sourceTree = "<group>";
		};
		74F4B834A8AFCEFDC20C09EB /* Frameworks */ = {
			isa = PBXGroup;
			children = (
				3397ED5DD991500428C599C8 /* Pods_RecipeMix.framework */,
			);
			name = Frameworks;
			sourceTree = "<group>";
		};
/* End PBXGroup section */

/* Begin PBXNativeTarget section */
		4FC713D82505874B00C36FE6 /* RecipeMix */ = {
			isa = PBXNativeTarget;
			buildConfigurationList = 4FC713ED2505874D00C36FE6 /* Build configuration list for PBXNativeTarget "RecipeMix" */;
			buildPhases = (
				4D9E306B675A03261773B588 /* [CP] Check Pods Manifest.lock */,
				4FC713D52505874B00C36FE6 /* Sources */,
				4FC713D62505874B00C36FE6 /* Frameworks */,
				4FC713D72505874B00C36FE6 /* Resources */,
				3AB19D3524AB75D0B6C519C1 /* [CP] Embed Pods Frameworks */,
				EB57A50CFF710FC1156E3600 /* [CP] Copy Pods Resources */,
			);
			buildRules = (
			);
			dependencies = (
			);
			name = RecipeMix;
			productName = RecipeMix;
			productReference = 4FC713D92505874B00C36FE6 /* RecipeMix.app */;
			productType = "com.apple.product-type.application";
		};
/* End PBXNativeTarget section */

/* Begin PBXProject section */
		4FC713D12505874B00C36FE6 /* Project object */ = {
			isa = PBXProject;
			attributes = {
				LastSwiftUpdateCheck = 1140;
				LastUpgradeCheck = 1140;
				ORGANIZATIONNAME = "andres tello campos";
				TargetAttributes = {
					4FC713D82505874B00C36FE6 = {
						CreatedOnToolsVersion = 11.4;
					};
				};
			};
			buildConfigurationList = 4FC713D42505874B00C36FE6 /* Build configuration list for PBXProject "RecipeMix" */;
			compatibilityVersion = "Xcode 9.3";
			developmentRegion = en;
			hasScannedForEncodings = 0;
			knownRegions = (
				en,
				Base,
			);
			mainGroup = 4FC713D02505874B00C36FE6;
			productRefGroup = 4FC713DA2505874B00C36FE6 /* Products */;
			projectDirPath = "";
			projectRoot = "";
			targets = (
				4FC713D82505874B00C36FE6 /* RecipeMix */,
			);
		};
/* End PBXProject section */

/* Begin PBXResourcesBuildPhase section */
		4FC713D72505874B00C36FE6 /* Resources */ = {
			isa = PBXResourcesBuildPhase;
			buildActionMask = 2147483647;
			files = (
				4FC713E92505874D00C36FE6 /* LaunchScreen.storyboard in Resources */,
				4FC713F52505AA8B00C36FE6 /* GoogleService-Info.plist in Resources */,
				4FC713E62505874D00C36FE6 /* Assets.xcassets in Resources */,
				4FC713E42505874B00C36FE6 /* Main.storyboard in Resources */,
			);
			runOnlyForDeploymentPostprocessing = 0;
		};
/* End PBXResourcesBuildPhase section */

/* Begin PBXShellScriptBuildPhase section */
		3AB19D3524AB75D0B6C519C1 /* [CP] Embed Pods Frameworks */ = {
			isa = PBXShellScriptBuildPhase;
			buildActionMask = 2147483647;
			files = (
			);
			inputFileListPaths = (
				"${PODS_ROOT}/Target Support Files/Pods-RecipeMix/Pods-RecipeMix-frameworks-${CONFIGURATION}-input-files.xcfilelist",
			);
			name = "[CP] Embed Pods Frameworks";
			outputFileListPaths = (
				"${PODS_ROOT}/Target Support Files/Pods-RecipeMix/Pods-RecipeMix-frameworks-${CONFIGURATION}-output-files.xcfilelist",
			);
			runOnlyForDeploymentPostprocessing = 0;
			shellPath = /bin/sh;
			shellScript = "\"${PODS_ROOT}/Target Support Files/Pods-RecipeMix/Pods-RecipeMix-frameworks.sh\"\n";
			showEnvVarsInLog = 0;
		};
		4D9E306B675A03261773B588 /* [CP] Check Pods Manifest.lock */ = {
			isa = PBXShellScriptBuildPhase;
			buildActionMask = 2147483647;
			files = (
			);
			inputFileListPaths = (
			);
			inputPaths = (
				"${PODS_PODFILE_DIR_PATH}/Podfile.lock",
				"${PODS_ROOT}/Manifest.lock",
			);
			name = "[CP] Check Pods Manifest.lock";
			outputFileListPaths = (
			);
			outputPaths = (
				"$(DERIVED_FILE_DIR)/Pods-RecipeMix-checkManifestLockResult.txt",
			);
			runOnlyForDeploymentPostprocessing = 0;
			shellPath = /bin/sh;
			shellScript = "diff \"${PODS_PODFILE_DIR_PATH}/Podfile.lock\" \"${PODS_ROOT}/Manifest.lock\" > /dev/null\nif [ $? != 0 ] ; then\n    # print error to STDERR\n    echo \"error: The sandbox is not in sync with the Podfile.lock. Run 'pod install' or update your CocoaPods installation.\" >&2\n    exit 1\nfi\n# This output is used by Xcode 'outputs' to avoid re-running this script phase.\necho \"SUCCESS\" > \"${SCRIPT_OUTPUT_FILE_0}\"\n";
			showEnvVarsInLog = 0;
		};
		EB57A50CFF710FC1156E3600 /* [CP] Copy Pods Resources */ = {
			isa = PBXShellScriptBuildPhase;
			buildActionMask = 2147483647;
			files = (
			);
			inputFileListPaths = (
				"${PODS_ROOT}/Target Support Files/Pods-RecipeMix/Pods-RecipeMix-resources-${CONFIGURATION}-input-files.xcfilelist",
			);
			name = "[CP] Copy Pods Resources";
			outputFileListPaths = (
				"${PODS_ROOT}/Target Support Files/Pods-RecipeMix/Pods-RecipeMix-resources-${CONFIGURATION}-output-files.xcfilelist",
			);
			runOnlyForDeploymentPostprocessing = 0;
			shellPath = /bin/sh;
			shellScript = "\"${PODS_ROOT}/Target Support Files/Pods-RecipeMix/Pods-RecipeMix-resources.sh\"\n";
			showEnvVarsInLog = 0;
		};
/* End PBXShellScriptBuildPhase section */

/* Begin PBXSourcesBuildPhase section */
		4FC713D52505874B00C36FE6 /* Sources */ = {
			isa = PBXSourcesBuildPhase;
			buildActionMask = 2147483647;
			files = (
				4FC713E12505874B00C36FE6 /* AuthViewController.swift in Sources */,
				4FC713DD2505874B00C36FE6 /* AppDelegate.swift in Sources */,
				4F82C1A5250DD2C7005B1B6D /* RecipeMixUtils.swift in Sources */,
				4F82C1A8250DDCA5005B1B6D /* RecipeTableViewCell.swift in Sources */,
				4FD54385250C8F37006FC9A1 /* DashboardTabBarController.swift in Sources */,
				4F82C1A2250DC62E005B1B6D /* RecipeMixClient.swift in Sources */,
				4FC713DF2505874B00C36FE6 /* SceneDelegate.swift in Sources */,
				4FD5437F250C84FD006FC9A1 /* RecipeDashboardViewController.swift in Sources */,
				4FC713F325058CD500C36FE6 /* HomeViewController.swift in Sources */,
				4FD54383250C88E4006FC9A1 /* BaseViewController.swift in Sources */,
				4FD5437B25086C77006FC9A1 /* Recipe.swift in Sources */,
			);
			runOnlyForDeploymentPostprocessing = 0;
		};
/* End PBXSourcesBuildPhase section */

/* Begin PBXVariantGroup section */
		4FC713E22505874B00C36FE6 /* Main.storyboard */ = {
			isa = PBXVariantGroup;
			children = (
				4FC713E32505874B00C36FE6 /* Base */,
			);
			name = Main.storyboard;
			sourceTree = "<group>";
		};
		4FC713E72505874D00C36FE6 /* LaunchScreen.storyboard */ = {
			isa = PBXVariantGroup;
			children = (
				4FC713E82505874D00C36FE6 /* Base */,
			);
			name = LaunchScreen.storyboard;
			sourceTree = "<group>";
		};
/* End PBXVariantGroup section */

/* Begin XCBuildConfiguration section */
		4FC713EB2505874D00C36FE6 /* Debug */ = {
			isa = XCBuildConfiguration;
			buildSettings = {
				ALWAYS_SEARCH_USER_PATHS = NO;
				CLANG_ANALYZER_NONNULL = YES;
				CLANG_ANALYZER_NUMBER_OBJECT_CONVERSION = YES_AGGRESSIVE;
				CLANG_CXX_LANGUAGE_STANDARD = "gnu++14";
				CLANG_CXX_LIBRARY = "libc++";
				CLANG_ENABLE_MODULES = YES;
				CLANG_ENABLE_OBJC_ARC = YES;
				CLANG_ENABLE_OBJC_WEAK = YES;
				CLANG_WARN_BLOCK_CAPTURE_AUTORELEASING = YES;
				CLANG_WARN_BOOL_CONVERSION = YES;
				CLANG_WARN_COMMA = YES;
				CLANG_WARN_CONSTANT_CONVERSION = YES;
				CLANG_WARN_DEPRECATED_OBJC_IMPLEMENTATIONS = YES;
				CLANG_WARN_DIRECT_OBJC_ISA_USAGE = YES_ERROR;
				CLANG_WARN_DOCUMENTATION_COMMENTS = YES;
				CLANG_WARN_EMPTY_BODY = YES;
				CLANG_WARN_ENUM_CONVERSION = YES;
				CLANG_WARN_INFINITE_RECURSION = YES;
				CLANG_WARN_INT_CONVERSION = YES;
				CLANG_WARN_NON_LITERAL_NULL_CONVERSION = YES;
				CLANG_WARN_OBJC_IMPLICIT_RETAIN_SELF = YES;
				CLANG_WARN_OBJC_LITERAL_CONVERSION = YES;
				CLANG_WARN_OBJC_ROOT_CLASS = YES_ERROR;
				CLANG_WARN_RANGE_LOOP_ANALYSIS = YES;
				CLANG_WARN_STRICT_PROTOTYPES = YES;
				CLANG_WARN_SUSPICIOUS_MOVE = YES;
				CLANG_WARN_UNGUARDED_AVAILABILITY = YES_AGGRESSIVE;
				CLANG_WARN_UNREACHABLE_CODE = YES;
				CLANG_WARN__DUPLICATE_METHOD_MATCH = YES;
				COPY_PHASE_STRIP = NO;
				DEBUG_INFORMATION_FORMAT = dwarf;
				ENABLE_STRICT_OBJC_MSGSEND = YES;
				ENABLE_TESTABILITY = YES;
				GCC_C_LANGUAGE_STANDARD = gnu11;
				GCC_DYNAMIC_NO_PIC = NO;
				GCC_NO_COMMON_BLOCKS = YES;
				GCC_OPTIMIZATION_LEVEL = 0;
				GCC_PREPROCESSOR_DEFINITIONS = (
					"DEBUG=1",
					"$(inherited)",
				);
				GCC_WARN_64_TO_32_BIT_CONVERSION = YES;
				GCC_WARN_ABOUT_RETURN_TYPE = YES_ERROR;
				GCC_WARN_UNDECLARED_SELECTOR = YES;
				GCC_WARN_UNINITIALIZED_AUTOS = YES_AGGRESSIVE;
				GCC_WARN_UNUSED_FUNCTION = YES;
				GCC_WARN_UNUSED_VARIABLE = YES;
				IPHONEOS_DEPLOYMENT_TARGET = 13.4;
				MTL_ENABLE_DEBUG_INFO = INCLUDE_SOURCE;
				MTL_FAST_MATH = YES;
				ONLY_ACTIVE_ARCH = YES;
				SDKROOT = iphoneos;
				SWIFT_ACTIVE_COMPILATION_CONDITIONS = DEBUG;
				SWIFT_OPTIMIZATION_LEVEL = "-Onone";
			};
			name = Debug;
		};
		4FC713EC2505874D00C36FE6 /* Release */ = {
			isa = XCBuildConfiguration;
			buildSettings = {
				ALWAYS_SEARCH_USER_PATHS = NO;
				CLANG_ANALYZER_NONNULL = YES;
				CLANG_ANALYZER_NUMBER_OBJECT_CONVERSION = YES_AGGRESSIVE;
				CLANG_CXX_LANGUAGE_STANDARD = "gnu++14";
				CLANG_CXX_LIBRARY = "libc++";
				CLANG_ENABLE_MODULES = YES;
				CLANG_ENABLE_OBJC_ARC = YES;
				CLANG_ENABLE_OBJC_WEAK = YES;
				CLANG_WARN_BLOCK_CAPTURE_AUTORELEASING = YES;
				CLANG_WARN_BOOL_CONVERSION = YES;
				CLANG_WARN_COMMA = YES;
				CLANG_WARN_CONSTANT_CONVERSION = YES;
				CLANG_WARN_DEPRECATED_OBJC_IMPLEMENTATIONS = YES;
				CLANG_WARN_DIRECT_OBJC_ISA_USAGE = YES_ERROR;
				CLANG_WARN_DOCUMENTATION_COMMENTS = YES;
				CLANG_WARN_EMPTY_BODY = YES;
				CLANG_WARN_ENUM_CONVERSION = YES;
				CLANG_WARN_INFINITE_RECURSION = YES;
				CLANG_WARN_INT_CONVERSION = YES;
				CLANG_WARN_NON_LITERAL_NULL_CONVERSION = YES;
				CLANG_WARN_OBJC_IMPLICIT_RETAIN_SELF = YES;
				CLANG_WARN_OBJC_LITERAL_CONVERSION = YES;
				CLANG_WARN_OBJC_ROOT_CLASS = YES_ERROR;
				CLANG_WARN_RANGE_LOOP_ANALYSIS = YES;
				CLANG_WARN_STRICT_PROTOTYPES = YES;
				CLANG_WARN_SUSPICIOUS_MOVE = YES;
				CLANG_WARN_UNGUARDED_AVAILABILITY = YES_AGGRESSIVE;
				CLANG_WARN_UNREACHABLE_CODE = YES;
				CLANG_WARN__DUPLICATE_METHOD_MATCH = YES;
				COPY_PHASE_STRIP = NO;
				DEBUG_INFORMATION_FORMAT = "dwarf-with-dsym";
				ENABLE_NS_ASSERTIONS = NO;
				ENABLE_STRICT_OBJC_MSGSEND = YES;
				GCC_C_LANGUAGE_STANDARD = gnu11;
				GCC_NO_COMMON_BLOCKS = YES;
				GCC_WARN_64_TO_32_BIT_CONVERSION = YES;
				GCC_WARN_ABOUT_RETURN_TYPE = YES_ERROR;
				GCC_WARN_UNDECLARED_SELECTOR = YES;
				GCC_WARN_UNINITIALIZED_AUTOS = YES_AGGRESSIVE;
				GCC_WARN_UNUSED_FUNCTION = YES;
				GCC_WARN_UNUSED_VARIABLE = YES;
				IPHONEOS_DEPLOYMENT_TARGET = 13.4;
				MTL_ENABLE_DEBUG_INFO = NO;
				MTL_FAST_MATH = YES;
				SDKROOT = iphoneos;
				SWIFT_COMPILATION_MODE = wholemodule;
				SWIFT_OPTIMIZATION_LEVEL = "-O";
				VALIDATE_PRODUCT = YES;
			};
			name = Release;
		};
		4FC713EE2505874D00C36FE6 /* Debug */ = {
			isa = XCBuildConfiguration;
			baseConfigurationReference = F5D03C7794B40584B5E3C9CB /* Pods-RecipeMix.debug.xcconfig */;
			buildSettings = {
				ASSETCATALOG_COMPILER_APPICON_NAME = AppIcon;
				CODE_SIGN_STYLE = Automatic;
				INFOPLIST_FILE = RecipeMix/Info.plist;
				LD_RUNPATH_SEARCH_PATHS = (
					"$(inherited)",
					"@executable_path/Frameworks",
				);
				PRODUCT_BUNDLE_IDENTIFIER = com.andrestello.RecipeMix;
				PRODUCT_NAME = "$(TARGET_NAME)";
				SWIFT_VERSION = 5.0;
				TARGETED_DEVICE_FAMILY = "1,2";
			};
			name = Debug;
		};
		4FC713EF2505874D00C36FE6 /* Release */ = {
			isa = XCBuildConfiguration;
			baseConfigurationReference = DF13EC0E7408C79C44B0FB61 /* Pods-RecipeMix.release.xcconfig */;
			buildSettings = {
				ASSETCATALOG_COMPILER_APPICON_NAME = AppIcon;
				CODE_SIGN_STYLE = Automatic;
				INFOPLIST_FILE = RecipeMix/Info.plist;
				LD_RUNPATH_SEARCH_PATHS = (
					"$(inherited)",
					"@executable_path/Frameworks",
				);
				PRODUCT_BUNDLE_IDENTIFIER = com.andrestello.RecipeMix;
				PRODUCT_NAME = "$(TARGET_NAME)";
				SWIFT_VERSION = 5.0;
				TARGETED_DEVICE_FAMILY = "1,2";
			};
			name = Release;
		};
/* End XCBuildConfiguration section */

/* Begin XCConfigurationList section */
		4FC713D42505874B00C36FE6 /* Build configuration list for PBXProject "RecipeMix" */ = {
			isa = XCConfigurationList;
			buildConfigurations = (
				4FC713EB2505874D00C36FE6 /* Debug */,
				4FC713EC2505874D00C36FE6 /* Release */,
			);
			defaultConfigurationIsVisible = 0;
			defaultConfigurationName = Release;
		};
		4FC713ED2505874D00C36FE6 /* Build configuration list for PBXNativeTarget "RecipeMix" */ = {
			isa = XCConfigurationList;
			buildConfigurations = (
				4FC713EE2505874D00C36FE6 /* Debug */,
				4FC713EF2505874D00C36FE6 /* Release */,
			);
			defaultConfigurationIsVisible = 0;
			defaultConfigurationName = Release;
		};
/* End XCConfigurationList section */
	};
	rootObject = 4FC713D12505874B00C36FE6 /* Project object */;
}
